
Microsoft Visual Studio Solution File, Format Version 12.00
# Visual Studio Version 17
VisualStudioVersion = 17.8.34330.188
MinimumVisualStudioVersion = 10.0.40219.1
Project("{FAE04EC0-301F-11D3-BF4B-00C04F79EFBC}") = "WizualizacjaSP", "WizualizacjaSP\WizualizacjaSP.csproj", "{9C65859C-FA58-42B8-B132-27192672DAF7}"
EndProject
Global
	GlobalSection(SolutionConfigurationPlatforms) = preSolution
		Debug|Any CPU = Debug|Any CPU
		Release|Any CPU = Release|Any CPU
	EndGlobalSection
	GlobalSection(ProjectConfigurationPlatforms) = postSolution
		{9C65859C-FA58-42B8-B132-27192672DAF7}.Debug|Any CPU.ActiveCfg = Debug|Any CPU
		{9C65859C-FA58-42B8-B132-27192672DAF7}.Debug|Any CPU.Build.0 = Debug|Any CPU
		{9C65859C-FA58-42B8-B132-27192672DAF7}.Release|Any CPU.ActiveCfg = Release|Any CPU
		{9C65859C-FA58-42B8-B132-27192672DAF7}.Release|Any CPU.Build.0 = Release|Any CPU
	EndGlobalSection
	GlobalSection(SolutionProperties) = preSolution
		HideSolutionNode = FALSE
	EndGlobalSection
	GlobalSection(ExtensibilityGlobals) = postSolution
		SolutionGuid = {CC57022A-FA39-4E65-ADCA-0E5DB17E1D48}
	EndGlobalSection
EndGlobal
